
Microsoft Visual Studio Solution File, Format Version 12.00
# Visual Studio Version 17
VisualStudioVersion = 17.11.35312.102
MinimumVisualStudioVersion = 10.0.40219.1
Project("{FAE04EC0-301F-11D3-BF4B-00C04F79EFBC}") = "ConsoleApp3", "ConsoleApp3\ConsoleApp3.csproj", "{D846CE9B-6459-47B6-82A4-74EBB3D01FCF}"
EndProject
Global
	GlobalSection(SolutionConfigurationPlatforms) = preSolution
		Debug|Any CPU = Debug|Any CPU
		Release|Any CPU = Release|Any CPU
	EndGlobalSection
	GlobalSection(ProjectConfigurationPlatforms) = postSolution
		{D846CE9B-6459-47B6-82A4-74EBB3D01FCF}.Debug|Any CPU.ActiveCfg = Debug|Any CPU
		{D846CE9B-6459-47B6-82A4-74EBB3D01FCF}.Debug|Any CPU.Build.0 = Debug|Any CPU
		{D846CE9B-6459-47B6-82A4-74EBB3D01FCF}.Release|Any CPU.ActiveCfg = Release|Any CPU
		{D846CE9B-6459-47B6-82A4-74EBB3D01FCF}.Release|Any CPU.Build.0 = Release|Any CPU
	EndGlobalSection
	GlobalSection(SolutionProperties) = preSolution
		HideSolutionNode = FALSE
	EndGlobalSection
	GlobalSection(ExtensibilityGlobals) = postSolution
		SolutionGuid = {4C496424-30D6-4BBE-B5D2-57BF20553EF5}
	EndGlobalSection
EndGlobal
